
Microsoft Visual Studio Solution File, Format Version 12.00
# Visual Studio 15
Project("{FAE04EC0-301F-11D3-BF4B-00C04F79EFBC}") = "UnityEngine.UI", "UnityEngine.UI.csproj", "{618393C0-8AD1-7999-51A4-F15D73365796}"
EndProject
Project("{FAE04EC0-301F-11D3-BF4B-00C04F79EFBC}") = "Assembly-CSharp", "Assembly-CSharp.csproj", "{53038A3E-EEAE-E230-FC97-0AFE2105334A}"
EndProject
Project("{FAE04EC0-301F-11D3-BF4B-00C04F79EFBC}") = "UnityEditor.UI", "UnityEditor.UI.csproj", "{116AEF55-0A4B-9EF9-71C7-D214B68E4414}"
EndProject
Global
	GlobalSection(SolutionConfigurationPlatforms) = preSolution
		Debug|Any CPU = Debug|Any CPU
		Release|Any CPU = Release|Any CPU
	EndGlobalSection
	GlobalSection(ProjectConfigurationPlatforms) = postSolution
		{618393C0-8AD1-7999-51A4-F15D73365796}.Debug|Any CPU.ActiveCfg = Debug|Any CPU
		{618393C0-8AD1-7999-51A4-F15D73365796}.Debug|Any CPU.Build.0 = Debug|Any CPU
		{618393C0-8AD1-7999-51A4-F15D73365796}.Release|Any CPU.ActiveCfg = Release|Any CPU
		{618393C0-8AD1-7999-51A4-F15D73365796}.Release|Any CPU.Build.0 = Release|Any CPU
		{53038A3E-EEAE-E230-FC97-0AFE2105334A}.Debug|Any CPU.ActiveCfg = Debug|Any CPU
		{53038A3E-EEAE-E230-FC97-0AFE2105334A}.Debug|Any CPU.Build.0 = Debug|Any CPU
		{53038A3E-EEAE-E230-FC97-0AFE2105334A}.Release|Any CPU.ActiveCfg = Release|Any CPU
		{53038A3E-EEAE-E230-FC97-0AFE2105334A}.Release|Any CPU.Build.0 = Release|Any CPU
		{116AEF55-0A4B-9EF9-71C7-D214B68E4414}.Debug|Any CPU.ActiveCfg = Debug|Any CPU
		{116AEF55-0A4B-9EF9-71C7-D214B68E4414}.Debug|Any CPU.Build.0 = Debug|Any CPU
		{116AEF55-0A4B-9EF9-71C7-D214B68E4414}.Release|Any CPU.ActiveCfg = Release|Any CPU
		{116AEF55-0A4B-9EF9-71C7-D214B68E4414}.Release|Any CPU.Build.0 = Release|Any CPU
	EndGlobalSection
	GlobalSection(SolutionProperties) = preSolution
		HideSolutionNode = FALSE
	EndGlobalSection
EndGlobal
